
Microsoft Visual Studio Solution File, Format Version 12.00
# Visual Studio 15
VisualStudioVersion = 15.0.28307.902
MinimumVisualStudioVersion = 10.0.40219.1
Project("{FAE04EC0-301F-11D3-BF4B-00C04F79EFBC}") = "PolyclinicService", "PolyclinicService\PolyclinicService.csproj", "{2170E4B9-48E1-4FC8-B075-09E536A6AE13}"
EndProject
Global
	GlobalSection(SolutionConfigurationPlatforms) = preSolution
		Debug|Any CPU = Debug|Any CPU
		Release|Any CPU = Release|Any CPU
	EndGlobalSection
	GlobalSection(ProjectConfigurationPlatforms) = postSolution
		{2170E4B9-48E1-4FC8-B075-09E536A6AE13}.Debug|Any CPU.ActiveCfg = Debug|Any CPU
		{2170E4B9-48E1-4FC8-B075-09E536A6AE13}.Debug|Any CPU.Build.0 = Debug|Any CPU
		{2170E4B9-48E1-4FC8-B075-09E536A6AE13}.Release|Any CPU.ActiveCfg = Release|Any CPU
		{2170E4B9-48E1-4FC8-B075-09E536A6AE13}.Release|Any CPU.Build.0 = Release|Any CPU
	EndGlobalSection
	GlobalSection(SolutionProperties) = preSolution
		HideSolutionNode = FALSE
	EndGlobalSection
	GlobalSection(ExtensibilityGlobals) = postSolution
		SolutionGuid = {7628766A-8F41-4EAA-AAFB-CE0DC0F49098}
	EndGlobalSection
EndGlobal
